Microsoft Visual Studio Solution File, Format Version 12.00
# Visual Studio Version 17
VisualStudioVersion = 17.8.0.0
MinimumVisualStudioVersion = 17.8.0.0
Project("{2150E333-8FDC-42A3-9474-1A3956D46DE8}") = "src", "src", "{1B4637A1-20F5-41BB-BFC8-9E21FF5F62F5}"
EndProject
Project("{FAE04EC0-301F-11D3-BF4B-00C04F79EFBC}") = "eShopLite.WebApp", "src\eShopLite.WebApp\eShopLite.WebApp.csproj", "{67C53BAD-45F1-4D2A-8F32-8CA3BA1A40CD}"
EndProject
Project("{FAE04EC0-301F-11D3-BF4B-00C04F79EFBC}") = "eShopLite.WeatherApi", "src\eShopLite.WeatherApi\eShopLite.WeatherApi.csproj", "{11EE0F8E-79CD-4AAA-A6AB-2AD9E6F03636}"
EndProject
Project("{FAE04EC0-301F-11D3-BF4B-00C04F79EFBC}") = "eShopLite.ProductApi", "src\eShopLite.ProductApi\eShopLite.ProductApi.csproj", "{7018FD93-13D8-4546-AC0A-A94AD039DB03}"
EndProject
Project("{FAE04EC0-301F-11D3-BF4B-00C04F79EFBC}") = "eShopLite.ProductData", "src\eShopLite.ProductData\eShopLite.ProductData.csproj", "{09624705-45AE-44C4-BE13-41A00F436172}"
EndProject
Project("{FAE04EC0-301F-11D3-BF4B-00C04F79EFBC}") = "eShopLite.DataEntities", "src\eShopLite.DataEntities\eShopLite.DataEntities.csproj", "{9D38682E-62BF-41C2-B5BC-269AB6BC261E}"
EndProject
Project("{2150E333-8FDC-42A3-9474-1A3956D46DE8}") = "test", "test", "{9CA89605-5DE3-4EAD-98B5-8393C7094016}"
EndProject
Project("{FAE04EC0-301F-11D3-BF4B-00C04F79EFBC}") = "eShopLite.ProductApi.Tests", "test\eShopLite.ProductApi.Tests\eShopLite.ProductApi.Tests.csproj", "{43793D5A-7277-4300-A6E8-5CC161AC18B3}"
EndProject
Project("{FAE04EC0-301F-11D3-BF4B-00C04F79EFBC}") = "eShopLite.WeatherApi.Tests", "test\eShopLite.WeatherApi.Tests\eShopLite.WeatherApi.Tests.csproj", "{80A37B6E-228B-4D75-AC1D-DD3FE7A28A67}"
EndProject
Global
	GlobalSection(SolutionConfigurationPlatforms) = preSolution
		Debug|Any CPU = Debug|Any CPU
		Release|Any CPU = Release|Any CPU
	EndGlobalSection
	GlobalSection(ProjectConfigurationPlatforms) = postSolution
		{67C53BAD-45F1-4D2A-8F32-8CA3BA1A40CD}.Debug|Any CPU.ActiveCfg = Debug|Any CPU
		{67C53BAD-45F1-4D2A-8F32-8CA3BA1A40CD}.Debug|Any CPU.Build.0 = Debug|Any CPU
		{67C53BAD-45F1-4D2A-8F32-8CA3BA1A40CD}.Release|Any CPU.ActiveCfg = Release|Any CPU
		{67C53BAD-45F1-4D2A-8F32-8CA3BA1A40CD}.Release|Any CPU.Build.0 = Release|Any CPU
		{11EE0F8E-79CD-4AAA-A6AB-2AD9E6F03636}.Debug|Any CPU.ActiveCfg = Debug|Any CPU
		{11EE0F8E-79CD-4AAA-A6AB-2AD9E6F03636}.Debug|Any CPU.Build.0 = Debug|Any CPU
		{11EE0F8E-79CD-4AAA-A6AB-2AD9E6F03636}.Release|Any CPU.ActiveCfg = Release|Any CPU
		{11EE0F8E-79CD-4AAA-A6AB-2AD9E6F03636}.Release|Any CPU.Build.0 = Release|Any CPU
		{7018FD93-13D8-4546-AC0A-A94AD039DB03}.Debug|Any CPU.ActiveCfg = Debug|Any CPU
		{7018FD93-13D8-4546-AC0A-A94AD039DB03}.Debug|Any CPU.Build.0 = Debug|Any CPU
		{7018FD93-13D8-4546-AC0A-A94AD039DB03}.Release|Any CPU.ActiveCfg = Release|Any CPU
		{7018FD93-13D8-4546-AC0A-A94AD039DB03}.Release|Any CPU.Build.0 = Release|Any CPU
		{09624705-45AE-44C4-BE13-41A00F436172}.Debug|Any CPU.ActiveCfg = Debug|Any CPU
		{09624705-45AE-44C4-BE13-41A00F436172}.Debug|Any CPU.Build.0 = Debug|Any CPU
		{09624705-45AE-44C4-BE13-41A00F436172}.Release|Any CPU.ActiveCfg = Release|Any CPU
		{09624705-45AE-44C4-BE13-41A00F436172}.Release|Any CPU.Build.0 = Release|Any CPU
		{9D38682E-62BF-41C2-B5BC-269AB6BC261E}.Debug|Any CPU.ActiveCfg = Debug|Any CPU
		{9D38682E-62BF-41C2-B5BC-269AB6BC261E}.Debug|Any CPU.Build.0 = Debug|Any CPU
		{9D38682E-62BF-41C2-B5BC-269AB6BC261E}.Release|Any CPU.ActiveCfg = Release|Any CPU
		{9D38682E-62BF-41C2-B5BC-269AB6BC261E}.Release|Any CPU.Build.0 = Release|Any CPU
		{43793D5A-7277-4300-A6E8-5CC161AC18B3}.Debug|Any CPU.ActiveCfg = Debug|Any CPU
		{43793D5A-7277-4300-A6E8-5CC161AC18B3}.Debug|Any CPU.Build.0 = Debug|Any CPU
		{43793D5A-7277-4300-A6E8-5CC161AC18B3}.Release|Any CPU.ActiveCfg = Release|Any CPU
		{43793D5A-7277-4300-A6E8-5CC161AC18B3}.Release|Any CPU.Build.0 = Release|Any CPU
		{80A37B6E-228B-4D75-AC1D-DD3FE7A28A67}.Debug|Any CPU.ActiveCfg = Debug|Any CPU
		{80A37B6E-228B-4D75-AC1D-DD3FE7A28A67}.Debug|Any CPU.Build.0 = Debug|Any CPU
		{80A37B6E-228B-4D75-AC1D-DD3FE7A28A67}.Release|Any CPU.ActiveCfg = Release|Any CPU
		{80A37B6E-228B-4D75-AC1D-DD3FE7A28A67}.Release|Any CPU.Build.0 = Release|Any CPU
	EndGlobalSection
	GlobalSection(SolutionProperties) = preSolution
		HideSolutionNode = FALSE
	EndGlobalSection
	GlobalSection(ExtensibilityGlobals) = postSolution
		SolutionGuid = {0E626625-1CFF-4D28-90DD-1731100101F8}
	EndGlobalSection
	GlobalSection(NestedProjects) = preSolution
		{67C53BAD-45F1-4D2A-8F32-8CA3BA1A40CD} = {1B4637A1-20F5-41BB-BFC8-9E21FF5F62F5}
		{11EE0F8E-79CD-4AAA-A6AB-2AD9E6F03636} = {1B4637A1-20F5-41BB-BFC8-9E21FF5F62F5}
		{7018FD93-13D8-4546-AC0A-A94AD039DB03} = {1B4637A1-20F5-41BB-BFC8-9E21FF5F62F5}
		{09624705-45AE-44C4-BE13-41A00F436172} = {1B4637A1-20F5-41BB-BFC8-9E21FF5F62F5}
		{9D38682E-62BF-41C2-B5BC-269AB6BC261E} = {1B4637A1-20F5-41BB-BFC8-9E21FF5F62F5}
		{43793D5A-7277-4300-A6E8-5CC161AC18B3} = {9CA89605-5DE3-4EAD-98B5-8393C7094016}
		{80A37B6E-228B-4D75-AC1D-DD3FE7A28A67} = {9CA89605-5DE3-4EAD-98B5-8393C7094016}
	EndGlobalSection
EndGlobal
